// !$*UTF8*$!
{
	archiveVersion = 1;
	classes = {
	};
	objectVersion = 50;
	objects = {

/* Begin PBXBuildFile section */
		31BA19C9A82E90817CDA2791 /* Pods_QRCodeUITests.framework in Frameworks */ = {isa = PBXBuildFile; fileRef = D3827AC4FB84BA395D3AD69D /* Pods_QRCodeUITests.framework */; };
		5F4B42A9225B96F5000552E0 /* ProximaNova-Black.otf in Resources */ = {isa = PBXBuildFile; fileRef = 5F4B42A3225B96E0000552E0 /* ProximaNova-Black.otf */; };
		5F4B42AA225B96F5000552E0 /* ProximaNova-Bold.otf in Resources */ = {isa = PBXBuildFile; fileRef = 5F4B42A6225B96E0000552E0 /* ProximaNova-Bold.otf */; };
		5F4B42AB225B96F5000552E0 /* ProximaNova-Extrabld.otf in Resources */ = {isa = PBXBuildFile; fileRef = 5F4B42A8225B96E0000552E0 /* ProximaNova-Extrabld.otf */; };
		5F4B42AC225B96F5000552E0 /* ProximaNova-Light.otf in Resources */ = {isa = PBXBuildFile; fileRef = 5F4B42A1225B96E0000552E0 /* ProximaNova-Light.otf */; };
		5F4B42AD225B96F5000552E0 /* ProximaNova-Medium.otf in Resources */ = {isa = PBXBuildFile; fileRef = 5F4B42A7225B96E0000552E0 /* ProximaNova-Medium.otf */; };
		5F4B42AE225B96F5000552E0 /* ProximaNova-Regular.otf in Resources */ = {isa = PBXBuildFile; fileRef = 5F4B42A2225B96E0000552E0 /* ProximaNova-Regular.otf */; };
		5F4B42AF225B96F5000552E0 /* ProximaNova-Semibold.otf in Resources */ = {isa = PBXBuildFile; fileRef = 5F4B42A4225B96E0000552E0 /* ProximaNova-Semibold.otf */; };
		5F4B42B0225B96F5000552E0 /* ProximaNova-Thin.otf in Resources */ = {isa = PBXBuildFile; fileRef = 5F4B42A5225B96E0000552E0 /* ProximaNova-Thin.otf */; };
		5F4B42B4225B9F6F000552E0 /* MaskViewOverlay.swift in Sources */ = {isa = PBXBuildFile; fileRef = 5F4B42B3225B9F6F000552E0 /* MaskViewOverlay.swift */; };
		5F4B42B6225B9FB7000552E0 /* MaskViewOverlay.xib in Resources */ = {isa = PBXBuildFile; fileRef = 5F4B42B5225B9FB7000552E0 /* MaskViewOverlay.xib */; };
		5F4B42B9225BAAA5000552E0 /* PaymentViewController.swift in Sources */ = {isa = PBXBuildFile; fileRef = 5F4B42B8225BAAA5000552E0 /* PaymentViewController.swift */; };
		5F4B42BD225BBDFE000552E0 /* PaymentPopupViewController.swift in Sources */ = {isa = PBXBuildFile; fileRef = 5F4B42BC225BBDFE000552E0 /* PaymentPopupViewController.swift */; };
		5F4B42C3225C46ED000552E0 /* EmptyResponse.swift in Sources */ = {isa = PBXBuildFile; fileRef = 5F4B42BF225C46ED000552E0 /* EmptyResponse.swift */; };
		5F4B42C4225C46ED000552E0 /* CoreParameter.swift in Sources */ = {isa = PBXBuildFile; fileRef = 5F4B42C0225C46ED000552E0 /* CoreParameter.swift */; };
		5F4B42C5225C46ED000552E0 /* ServiceRequest.swift in Sources */ = {isa = PBXBuildFile; fileRef = 5F4B42C1225C46ED000552E0 /* ServiceRequest.swift */; };
		5F4B42C6225C46ED000552E0 /* CoreReponse.swift in Sources */ = {isa = PBXBuildFile; fileRef = 5F4B42C2225C46ED000552E0 /* CoreReponse.swift */; };
		5F4B42C8225C4722000552E0 /* UserService.swift in Sources */ = {isa = PBXBuildFile; fileRef = 5F4B42C7225C4722000552E0 /* UserService.swift */; };
		5F4B42CB225C51F2000552E0 /* LoginParams.swift in Sources */ = {isa = PBXBuildFile; fileRef = 5F4B42CA225C51F2000552E0 /* LoginParams.swift */; };
		5F4B42CD225C5392000552E0 /* User.swift in Sources */ = {isa = PBXBuildFile; fileRef = 5F4B42CC225C5392000552E0 /* User.swift */; };
		5F9AE446225B8BE200273C13 /* QRCodeScanner.swift in Sources */ = {isa = PBXBuildFile; fileRef = 5F9AE445225B8BE200273C13 /* QRCodeScanner.swift */; };
		5FB143F02256186100218AAE /* AppDelegate.swift in Sources */ = {isa = PBXBuildFile; fileRef = 5FB143EF2256186100218AAE /* AppDelegate.swift */; };
		5FB143F82256186100218AAE /* QRCode.xcdatamodeld in Sources */ = {isa = PBXBuildFile; fileRef = 5FB143F62256186100218AAE /* QRCode.xcdatamodeld */; };
		5FB143FA2256186200218AAE /* Assets.xcassets in Resources */ = {isa = PBXBuildFile; fileRef = 5FB143F92256186200218AAE /* Assets.xcassets */; };
		5FB143FD2256186200218AAE /* LaunchScreen.storyboard in Resources */ = {isa = PBXBuildFile; fileRef = 5FB143FB2256186200218AAE /* LaunchScreen.storyboard */; };
		5FB144082256186200218AAE /* QRCodeTests.swift in Sources */ = {isa = PBXBuildFile; fileRef = 5FB144072256186200218AAE /* QRCodeTests.swift */; };
		5FB144132256186200218AAE /* QRCodeUITests.swift in Sources */ = {isa = PBXBuildFile; fileRef = 5FB144122256186200218AAE /* QRCodeUITests.swift */; };
		5FE08D802259026B003B5414 /* LoginViewController.swift in Sources */ = {isa = PBXBuildFile; fileRef = 5FE08D7F2259026B003B5414 /* LoginViewController.swift */; };
		5FE08D832259027E003B5414 /* BaseViewController.swift in Sources */ = {isa = PBXBuildFile; fileRef = 5FE08D822259027E003B5414 /* BaseViewController.swift */; };
		5FE08D85225902A3003B5414 /* SignUpViewController.swift in Sources */ = {isa = PBXBuildFile; fileRef = 5FE08D84225902A3003B5414 /* SignUpViewController.swift */; };
		5FE08D882259038B003B5414 /* TabbarViewController.swift in Sources */ = {isa = PBXBuildFile; fileRef = 5FE08D872259038B003B5414 /* TabbarViewController.swift */; };
		5FE08D8A225903A6003B5414 /* ProfileViewController.swift in Sources */ = {isa = PBXBuildFile; fileRef = 5FE08D89225903A6003B5414 /* ProfileViewController.swift */; };
		5FE08D8C225903B5003B5414 /* ScanViewController.swift in Sources */ = {isa = PBXBuildFile; fileRef = 5FE08D8B225903B5003B5414 /* ScanViewController.swift */; };
		5FE08D8E225903C7003B5414 /* WalletViewController.swift in Sources */ = {isa = PBXBuildFile; fileRef = 5FE08D8D225903C7003B5414 /* WalletViewController.swift */; };
		5FE08D9022590405003B5414 /* Login.storyboard in Resources */ = {isa = PBXBuildFile; fileRef = 5FE08D8F22590405003B5414 /* Login.storyboard */; };
		5FE08D922259044D003B5414 /* SignUp.storyboard in Resources */ = {isa = PBXBuildFile; fileRef = 5FE08D912259044D003B5414 /* SignUp.storyboard */; };
		5FE08D9422590491003B5414 /* Tabbar.storyboard in Resources */ = {isa = PBXBuildFile; fileRef = 5FE08D9322590491003B5414 /* Tabbar.storyboard */; };
		5FE08D96225904D8003B5414 /* TabbarItem.swift in Sources */ = {isa = PBXBuildFile; fileRef = 5FE08D95225904D8003B5414 /* TabbarItem.swift */; };
		5FE08D9822590506003B5414 /* Profile.storyboard in Resources */ = {isa = PBXBuildFile; fileRef = 5FE08D9722590506003B5414 /* Profile.storyboard */; };
		5FE08D9A22590510003B5414 /* Scan.storyboard in Resources */ = {isa = PBXBuildFile; fileRef = 5FE08D9922590510003B5414 /* Scan.storyboard */; };
		5FE08D9C2259054E003B5414 /* Wallet.storyboard in Resources */ = {isa = PBXBuildFile; fileRef = 5FE08D9B2259054E003B5414 /* Wallet.storyboard */; };
		5FE08D9F2259060D003B5414 /* Configuration.plist in Resources */ = {isa = PBXBuildFile; fileRef = 5FE08D9E2259060C003B5414 /* Configuration.plist */; };
		5FE08DA422590872003B5414 /* UIView+Extension.swift in Sources */ = {isa = PBXBuildFile; fileRef = 5FE08DA322590872003B5414 /* UIView+Extension.swift */; };
		5FE08DA7225908D2003B5414 /* AppConstants.swift in Sources */ = {isa = PBXBuildFile; fileRef = 5FE08DA6225908D2003B5414 /* AppConstants.swift */; };
		5FE08DA922590917003B5414 /* UIColor+Extension.swift in Sources */ = {isa = PBXBuildFile; fileRef = 5FE08DA822590917003B5414 /* UIColor+Extension.swift */; };
		5FE08DAC22590B6C003B5414 /* RootRouter.swift in Sources */ = {isa = PBXBuildFile; fileRef = 5FE08DAB22590B6C003B5414 /* RootRouter.swift */; };
		5FE08DAE22590BC1003B5414 /* DeepLinkHandler.swift in Sources */ = {isa = PBXBuildFile; fileRef = 5FE08DAD22590BC1003B5414 /* DeepLinkHandler.swift */; };
		5FE08DB022590C30003B5414 /* SessionManager.swift in Sources */ = {isa = PBXBuildFile; fileRef = 5FE08DAF22590C30003B5414 /* SessionManager.swift */; };
		5FE08DB222590E13003B5414 /* UIStoryboard+Extension.swift in Sources */ = {isa = PBXBuildFile; fileRef = 5FE08DB122590E13003B5414 /* UIStoryboard+Extension.swift */; };
		5FE08DB422590ED8003B5414 /* NSObject.swift in Sources */ = {isa = PBXBuildFile; fileRef = 5FE08DB322590ED8003B5414 /* NSObject.swift */; };
		5FE08DB722591102003B5414 /* LoginViewModel.swift in Sources */ = {isa = PBXBuildFile; fileRef = 5FE08DB622591102003B5414 /* LoginViewModel.swift */; };
		5FE08DBA225A3583003B5414 /* BaseCustomView.swift in Sources */ = {isa = PBXBuildFile; fileRef = 5FE08DB9225A3583003B5414 /* BaseCustomView.swift */; };
		5FE08DC0225A3C51003B5414 /* CustomInputTextView.swift in Sources */ = {isa = PBXBuildFile; fileRef = 5FE08DBF225A3C51003B5414 /* CustomInputTextView.swift */; };
		5FE08DC2225A3C69003B5414 /* CustomInputTextView.xib in Resources */ = {isa = PBXBuildFile; fileRef = 5FE08DC1225A3C69003B5414 /* CustomInputTextView.xib */; };
		5FE08DC5225A52F2003B5414 /* SignUpViewModel.swift in Sources */ = {isa = PBXBuildFile; fileRef = 5FE08DC4225A52F2003B5414 /* SignUpViewModel.swift */; };
		5FE08DC8225A5733003B5414 /* WalletViewModel.swift in Sources */ = {isa = PBXBuildFile; fileRef = 5FE08DC7225A5733003B5414 /* WalletViewModel.swift */; };
		5FE08DCC225A64BE003B5414 /* TransactionHistoryCell.swift in Sources */ = {isa = PBXBuildFile; fileRef = 5FE08DCB225A64BE003B5414 /* TransactionHistoryCell.swift */; };
		5FE08DCE225A665D003B5414 /* UITableView+Extension.swift in Sources */ = {isa = PBXBuildFile; fileRef = 5FE08DCD225A665D003B5414 /* UITableView+Extension.swift */; };
		5FE08DD1225AC784003B5414 /* ProfileViewModel.swift in Sources */ = {isa = PBXBuildFile; fileRef = 5FE08DD0225AC784003B5414 /* ProfileViewModel.swift */; };
		5FE08DD5225AD20C003B5414 /* ProfileItemCell.swift in Sources */ = {isa = PBXBuildFile; fileRef = 5FE08DD4225AD20C003B5414 /* ProfileItemCell.swift */; };
		5FE994E7225C5952004726B0 /* SignUpParams.swift in Sources */ = {isa = PBXBuildFile; fileRef = 5FE994E6225C5952004726B0 /* SignUpParams.swift */; };
		5FE994EA225C5B6A004726B0 /* ProfileItem.swift in Sources */ = {isa = PBXBuildFile; fileRef = 5FE994E9225C5B6A004726B0 /* ProfileItem.swift */; };
		BA33D453EDF3FA97413959DB /* Pods_QRCode.framework in Frameworks */ = {isa = PBXBuildFile; fileRef = 359CC9B4B54295B4CF0C9A9F /* Pods_QRCode.framework */; };
		E9B4D1D775FEA68D270D6D08 /* Pods_QRCodeTests.framework in Frameworks */ = {isa = PBXBuildFile; fileRef = CB9799DCAF171450C2D84647 /* Pods_QRCodeTests.framework */; };
/* End PBXBuildFile section */

/* Begin PBXContainerItemProxy section */
		5FB144042256186200218AAE /* PBXContainerItemProxy */ = {
			isa = PBXContainerItemProxy;
			containerPortal = 5FB143E42256186100218AAE /* Project object */;
			proxyType = 1;
			remoteGlobalIDString = 5FB143EB2256186100218AAE;
			remoteInfo = QRCode;
		};
		5FB1440F2256186200218AAE /* PBXContainerItemProxy */ = {
			isa = PBXContainerItemProxy;
			containerPortal = 5FB143E42256186100218AAE /* Project object */;
			proxyType = 1;
			remoteGlobalIDString = 5FB143EB2256186100218AAE;
			remoteInfo = QRCode;
		};
/* End PBXContainerItemProxy section */

/* Begin PBXFileReference section */
		341585625D4E299425052496 /* Pods-QRCode.debug.xcconfig */ = {isa = PBXFileReference; includeInIndex = 1; lastKnownFileType = text.xcconfig; name = "Pods-QRCode.debug.xcconfig"; path = "Target Support Files/Pods-QRCode/Pods-QRCode.debug.xcconfig"; sourceTree = "<group>"; };
		359CC9B4B54295B4CF0C9A9F /* Pods_QRCode.framework */ = {isa = PBXFileReference; explicitFileType = wrapper.framework; includeInIndex = 0; path = Pods_QRCode.framework; sourceTree = BUILT_PRODUCTS_DIR; };
		5F4B42A1225B96E0000552E0 /* ProximaNova-Light.otf */ = {isa = PBXFileReference; lastKnownFileType = file; path = "ProximaNova-Light.otf"; sourceTree = "<group>"; };
		5F4B42A2225B96E0000552E0 /* ProximaNova-Regular.otf */ = {isa = PBXFileReference; lastKnownFileType = file; path = "ProximaNova-Regular.otf"; sourceTree = "<group>"; };
		5F4B42A3225B96E0000552E0 /* ProximaNova-Black.otf */ = {isa = PBXFileReference; lastKnownFileType = file; path = "ProximaNova-Black.otf"; sourceTree = "<group>"; };
		5F4B42A4225B96E0000552E0 /* ProximaNova-Semibold.otf */ = {isa = PBXFileReference; lastKnownFileType = file; path = "ProximaNova-Semibold.otf"; sourceTree = "<group>"; };
		5F4B42A5225B96E0000552E0 /* ProximaNova-Thin.otf */ = {isa = PBXFileReference; lastKnownFileType = file; path = "ProximaNova-Thin.otf"; sourceTree = "<group>"; };
		5F4B42A6225B96E0000552E0 /* ProximaNova-Bold.otf */ = {isa = PBXFileReference; lastKnownFileType = file; path = "ProximaNova-Bold.otf"; sourceTree = "<group>"; };
		5F4B42A7225B96E0000552E0 /* ProximaNova-Medium.otf */ = {isa = PBXFileReference; lastKnownFileType = file; path = "ProximaNova-Medium.otf"; sourceTree = "<group>"; };
		5F4B42A8225B96E0000552E0 /* ProximaNova-Extrabld.otf */ = {isa = PBXFileReference; lastKnownFileType = file; path = "ProximaNova-Extrabld.otf"; sourceTree = "<group>"; };
		5F4B42B3225B9F6F000552E0 /* MaskViewOverlay.swift */ = {isa = PBXFileReference; lastKnownFileType = sourcecode.swift; path = MaskViewOverlay.swift; sourceTree = "<group>"; };
		5F4B42B5225B9FB7000552E0 /* MaskViewOverlay.xib */ = {isa = PBXFileReference; lastKnownFileType = file.xib; path = MaskViewOverlay.xib; sourceTree = "<group>"; };
		5F4B42B8225BAAA5000552E0 /* PaymentViewController.swift */ = {isa = PBXFileReference; lastKnownFileType = sourcecode.swift; path = PaymentViewController.swift; sourceTree = "<group>"; };
		5F4B42BC225BBDFE000552E0 /* PaymentPopupViewController.swift */ = {isa = PBXFileReference; lastKnownFileType = sourcecode.swift; path = PaymentPopupViewController.swift; sourceTree = "<group>"; };
		5F4B42BF225C46ED000552E0 /* EmptyResponse.swift */ = {isa = PBXFileReference; fileEncoding = 4; lastKnownFileType = sourcecode.swift; path = EmptyResponse.swift; sourceTree = "<group>"; };
		5F4B42C0225C46ED000552E0 /* CoreParameter.swift */ = {isa = PBXFileReference; fileEncoding = 4; lastKnownFileType = sourcecode.swift; path = CoreParameter.swift; sourceTree = "<group>"; };
		5F4B42C1225C46ED000552E0 /* ServiceRequest.swift */ = {isa = PBXFileReference; fileEncoding = 4; lastKnownFileType = sourcecode.swift; path = ServiceRequest.swift; sourceTree = "<group>"; };
		5F4B42C2225C46ED000552E0 /* CoreReponse.swift */ = {isa = PBXFileReference; fileEncoding = 4; lastKnownFileType = sourcecode.swift; path = CoreReponse.swift; sourceTree = "<group>"; };
		5F4B42C7225C4722000552E0 /* UserService.swift */ = {isa = PBXFileReference; lastKnownFileType = sourcecode.swift; path = UserService.swift; sourceTree = "<group>"; };
		5F4B42CA225C51F2000552E0 /* LoginParams.swift */ = {isa = PBXFileReference; lastKnownFileType = sourcecode.swift; path = LoginParams.swift; sourceTree = "<group>"; };
		5F4B42CC225C5392000552E0 /* User.swift */ = {isa = PBXFileReference; lastKnownFileType = sourcecode.swift; path = User.swift; sourceTree = "<group>"; };
		5F9AE445225B8BE200273C13 /* QRCodeScanner.swift */ = {isa = PBXFileReference; lastKnownFileType = sourcecode.swift; path = QRCodeScanner.swift; sourceTree = "<group>"; };
		5FB143EC2256186100218AAE /* QRCode.app */ = {isa = PBXFileReference; explicitFileType = wrapper.application; includeInIndex = 0; path = QRCode.app; sourceTree = BUILT_PRODUCTS_DIR; };
		5FB143EF2256186100218AAE /* AppDelegate.swift */ = {isa = PBXFileReference; lastKnownFileType = sourcecode.swift; path = AppDelegate.swift; sourceTree = "<group>"; };
		5FB143F72256186100218AAE /* QRCode.xcdatamodel */ = {isa = PBXFileReference; lastKnownFileType = wrapper.xcdatamodel; path = QRCode.xcdatamodel; sourceTree = "<group>"; };
		5FB143F92256186200218AAE /* Assets.xcassets */ = {isa = PBXFileReference; lastKnownFileType = folder.assetcatalog; path = Assets.xcassets; sourceTree = "<group>"; };
		5FB143FC2256186200218AAE /* Base */ = {isa = PBXFileReference; lastKnownFileType = file.storyboard; name = Base; path = Base.lproj/LaunchScreen.storyboard; sourceTree = "<group>"; };
		5FB143FE2256186200218AAE /* Info.plist */ = {isa = PBXFileReference; lastKnownFileType = text.plist.xml; path = Info.plist; sourceTree = "<group>"; };
		5FB144032256186200218AAE /* QRCodeTests.xctest */ = {isa = PBXFileReference; explicitFileType = wrapper.cfbundle; includeInIndex = 0; path = QRCodeTests.xctest; sourceTree = BUILT_PRODUCTS_DIR; };
		5FB144072256186200218AAE /* QRCodeTests.swift */ = {isa = PBXFileReference; lastKnownFileType = sourcecode.swift; path = QRCodeTests.swift; sourceTree = "<group>"; };
		5FB144092256186200218AAE /* Info.plist */ = {isa = PBXFileReference; lastKnownFileType = text.plist.xml; path = Info.plist; sourceTree = "<group>"; };
		5FB1440E2256186200218AAE /* QRCodeUITests.xctest */ = {isa = PBXFileReference; explicitFileType = wrapper.cfbundle; includeInIndex = 0; path = QRCodeUITests.xctest; sourceTree = BUILT_PRODUCTS_DIR; };
		5FB144122256186200218AAE /* QRCodeUITests.swift */ = {isa = PBXFileReference; lastKnownFileType = sourcecode.swift; path = QRCodeUITests.swift; sourceTree = "<group>"; };
		5FB144142256186200218AAE /* Info.plist */ = {isa = PBXFileReference; lastKnownFileType = text.plist.xml; path = Info.plist; sourceTree = "<group>"; };
		5FE08D7F2259026B003B5414 /* LoginViewController.swift */ = {isa = PBXFileReference; lastKnownFileType = sourcecode.swift; path = LoginViewController.swift; sourceTree = "<group>"; };
		5FE08D822259027E003B5414 /* BaseViewController.swift */ = {isa = PBXFileReference; lastKnownFileType = sourcecode.swift; path = BaseViewController.swift; sourceTree = "<group>"; };
		5FE08D84225902A3003B5414 /* SignUpViewController.swift */ = {isa = PBXFileReference; lastKnownFileType = sourcecode.swift; path = SignUpViewController.swift; sourceTree = "<group>"; };
		5FE08D872259038B003B5414 /* TabbarViewController.swift */ = {isa = PBXFileReference; lastKnownFileType = sourcecode.swift; path = TabbarViewController.swift; sourceTree = "<group>"; };
		5FE08D89225903A6003B5414 /* ProfileViewController.swift */ = {isa = PBXFileReference; lastKnownFileType = sourcecode.swift; path = ProfileViewController.swift; sourceTree = "<group>"; };
		5FE08D8B225903B5003B5414 /* ScanViewController.swift */ = {isa = PBXFileReference; lastKnownFileType = sourcecode.swift; path = ScanViewController.swift; sourceTree = "<group>"; };
		5FE08D8D225903C7003B5414 /* WalletViewController.swift */ = {isa = PBXFileReference; lastKnownFileType = sourcecode.swift; path = WalletViewController.swift; sourceTree = "<group>"; };
		5FE08D8F22590405003B5414 /* Login.storyboard */ = {isa = PBXFileReference; lastKnownFileType = file.storyboard; path = Login.storyboard; sourceTree = "<group>"; };
		5FE08D912259044D003B5414 /* SignUp.storyboard */ = {isa = PBXFileReference; lastKnownFileType = file.storyboard; path = SignUp.storyboard; sourceTree = "<group>"; };
		5FE08D9322590491003B5414 /* Tabbar.storyboard */ = {isa = PBXFileReference; lastKnownFileType = file.storyboard; path = Tabbar.storyboard; sourceTree = "<group>"; };
		5FE08D95225904D8003B5414 /* TabbarItem.swift */ = {isa = PBXFileReference; lastKnownFileType = sourcecode.swift; path = TabbarItem.swift; sourceTree = "<group>"; };
		5FE08D9722590506003B5414 /* Profile.storyboard */ = {isa = PBXFileReference; lastKnownFileType = file.storyboard; path = Profile.storyboard; sourceTree = "<group>"; };
		5FE08D9922590510003B5414 /* Scan.storyboard */ = {isa = PBXFileReference; lastKnownFileType = file.storyboard; path = Scan.storyboard; sourceTree = "<group>"; };
		5FE08D9B2259054E003B5414 /* Wallet.storyboard */ = {isa = PBXFileReference; lastKnownFileType = file.storyboard; path = Wallet.storyboard; sourceTree = "<group>"; };
		5FE08D9E2259060C003B5414 /* Configuration.plist */ = {isa = PBXFileReference; lastKnownFileType = text.plist.xml; path = Configuration.plist; sourceTree = "<group>"; };
		5FE08DA322590872003B5414 /* UIView+Extension.swift */ = {isa = PBXFileReference; lastKnownFileType = sourcecode.swift; path = "UIView+Extension.swift"; sourceTree = "<group>"; };
		5FE08DA6225908D2003B5414 /* AppConstants.swift */ = {isa = PBXFileReference; lastKnownFileType = sourcecode.swift; path = AppConstants.swift; sourceTree = "<group>"; };
		5FE08DA822590917003B5414 /* UIColor+Extension.swift */ = {isa = PBXFileReference; lastKnownFileType = sourcecode.swift; path = "UIColor+Extension.swift"; sourceTree = "<group>"; };
		5FE08DAB22590B6C003B5414 /* RootRouter.swift */ = {isa = PBXFileReference; lastKnownFileType = sourcecode.swift; path = RootRouter.swift; sourceTree = "<group>"; };
		5FE08DAD22590BC1003B5414 /* DeepLinkHandler.swift */ = {isa = PBXFileReference; lastKnownFileType = sourcecode.swift; path = DeepLinkHandler.swift; sourceTree = "<group>"; };
		5FE08DAF22590C30003B5414 /* SessionManager.swift */ = {isa = PBXFileReference; lastKnownFileType = sourcecode.swift; path = SessionManager.swift; sourceTree = "<group>"; };
		5FE08DB122590E13003B5414 /* UIStoryboard+Extension.swift */ = {isa = PBXFileReference; lastKnownFileType = sourcecode.swift; path = "UIStoryboard+Extension.swift"; sourceTree = "<group>"; };
		5FE08DB322590ED8003B5414 /* NSObject.swift */ = {isa = PBXFileReference; lastKnownFileType = sourcecode.swift; path = NSObject.swift; sourceTree = "<group>"; };
		5FE08DB622591102003B5414 /* LoginViewModel.swift */ = {isa = PBXFileReference; fileEncoding = 4; lastKnownFileType = sourcecode.swift; path = LoginViewModel.swift; sourceTree = "<group>"; };
		5FE08DB9225A3583003B5414 /* BaseCustomView.swift */ = {isa = PBXFileReference; lastKnownFileType = sourcecode.swift; path = BaseCustomView.swift; sourceTree = "<group>"; };
		5FE08DBF225A3C51003B5414 /* CustomInputTextView.swift */ = {isa = PBXFileReference; lastKnownFileType = sourcecode.swift; path = CustomInputTextView.swift; sourceTree = "<group>"; };
		5FE08DC1225A3C69003B5414 /* CustomInputTextView.xib */ = {isa = PBXFileReference; lastKnownFileType = file.xib; path = CustomInputTextView.xib; sourceTree = "<group>"; };
		5FE08DC4225A52F2003B5414 /* SignUpViewModel.swift */ = {isa = PBXFileReference; lastKnownFileType = sourcecode.swift; path = SignUpViewModel.swift; sourceTree = "<group>"; };
		5FE08DC7225A5733003B5414 /* WalletViewModel.swift */ = {isa = PBXFileReference; lastKnownFileType = sourcecode.swift; path = WalletViewModel.swift; sourceTree = "<group>"; };
		5FE08DCB225A64BE003B5414 /* TransactionHistoryCell.swift */ = {isa = PBXFileReference; lastKnownFileType = sourcecode.swift; path = TransactionHistoryCell.swift; sourceTree = "<group>"; };
		5FE08DCD225A665D003B5414 /* UITableView+Extension.swift */ = {isa = PBXFileReference; fileEncoding = 4; lastKnownFileType = sourcecode.swift; path = "UITableView+Extension.swift"; sourceTree = "<group>"; };
		5FE08DD0225AC784003B5414 /* ProfileViewModel.swift */ = {isa = PBXFileReference; lastKnownFileType = sourcecode.swift; path = ProfileViewModel.swift; sourceTree = "<group>"; };
		5FE08DD4225AD20C003B5414 /* ProfileItemCell.swift */ = {isa = PBXFileReference; lastKnownFileType = sourcecode.swift; path = ProfileItemCell.swift; sourceTree = "<group>"; };
		5FE994E6225C5952004726B0 /* SignUpParams.swift */ = {isa = PBXFileReference; lastKnownFileType = sourcecode.swift; path = SignUpParams.swift; sourceTree = "<group>"; };
		5FE994E9225C5B6A004726B0 /* ProfileItem.swift */ = {isa = PBXFileReference; lastKnownFileType = sourcecode.swift; path = ProfileItem.swift; sourceTree = "<group>"; };
		791DD3286A76F0A371A688B2 /* Pods-QRCodeTests.debug.xcconfig */ = {isa = PBXFileReference; includeInIndex = 1; lastKnownFileType = text.xcconfig; name = "Pods-QRCodeTests.debug.xcconfig"; path = "Target Support Files/Pods-QRCodeTests/Pods-QRCodeTests.debug.xcconfig"; sourceTree = "<group>"; };
		845F9EFE2BDF2ED115B4A43D /* Pods-QRCodeUITests.debug.xcconfig */ = {isa = PBXFileReference; includeInIndex = 1; lastKnownFileType = text.xcconfig; name = "Pods-QRCodeUITests.debug.xcconfig"; path = "Target Support Files/Pods-QRCodeUITests/Pods-QRCodeUITests.debug.xcconfig"; sourceTree = "<group>"; };
		8C0987E81357272C0EDD28CF /* Pods-QRCodeUITests.release.xcconfig */ = {isa = PBXFileReference; includeInIndex = 1; lastKnownFileType = text.xcconfig; name = "Pods-QRCodeUITests.release.xcconfig"; path = "Target Support Files/Pods-QRCodeUITests/Pods-QRCodeUITests.release.xcconfig"; sourceTree = "<group>"; };
		A2B2FB4DCC39EABC3228EF2F /* Pods-QRCodeTests.release.xcconfig */ = {isa = PBXFileReference; includeInIndex = 1; lastKnownFileType = text.xcconfig; name = "Pods-QRCodeTests.release.xcconfig"; path = "Target Support Files/Pods-QRCodeTests/Pods-QRCodeTests.release.xcconfig"; sourceTree = "<group>"; };
		C2F7695E8E293FFC3F15B260 /* Pods-QRCode.release.xcconfig */ = {isa = PBXFileReference; includeInIndex = 1; lastKnownFileType = text.xcconfig; name = "Pods-QRCode.release.xcconfig"; path = "Target Support Files/Pods-QRCode/Pods-QRCode.release.xcconfig"; sourceTree = "<group>"; };
		CB9799DCAF171450C2D84647 /* Pods_QRCodeTests.framework */ = {isa = PBXFileReference; explicitFileType = wrapper.framework; includeInIndex = 0; path = Pods_QRCodeTests.framework; sourceTree = BUILT_PRODUCTS_DIR; };
		D3827AC4FB84BA395D3AD69D /* Pods_QRCodeUITests.framework */ = {isa = PBXFileReference; explicitFileType = wrapper.framework; includeInIndex = 0; path = Pods_QRCodeUITests.framework; sourceTree = BUILT_PRODUCTS_DIR; };
/* End PBXFileReference section */

/* Begin PBXFrameworksBuildPhase section */
		5FB143E92256186100218AAE /* Frameworks */ = {
			isa = PBXFrameworksBuildPhase;
			buildActionMask = 2147483647;
			files = (
				BA33D453EDF3FA97413959DB /* Pods_QRCode.framework in Frameworks */,
			);
			runOnlyForDeploymentPostprocessing = 0;
		};
		5FB144002256186200218AAE /* Frameworks */ = {
			isa = PBXFrameworksBuildPhase;
			buildActionMask = 2147483647;
			files = (
				E9B4D1D775FEA68D270D6D08 /* Pods_QRCodeTests.framework in Frameworks */,
			);
			runOnlyForDeploymentPostprocessing = 0;
		};
		5FB1440B2256186200218AAE /* Frameworks */ = {
			isa = PBXFrameworksBuildPhase;
			buildActionMask = 2147483647;
			files = (
				31BA19C9A82E90817CDA2791 /* Pods_QRCodeUITests.framework in Frameworks */,
			);
			runOnlyForDeploymentPostprocessing = 0;
		};
/* End PBXFrameworksBuildPhase section */

/* Begin PBXGroup section */
		4E01E80969AF0166500A0CB7 /* Pods */ = {
			isa = PBXGroup;
			children = (
				341585625D4E299425052496 /* Pods-QRCode.debug.xcconfig */,
				C2F7695E8E293FFC3F15B260 /* Pods-QRCode.release.xcconfig */,
				791DD3286A76F0A371A688B2 /* Pods-QRCodeTests.debug.xcconfig */,
				A2B2FB4DCC39EABC3228EF2F /* Pods-QRCodeTests.release.xcconfig */,
				845F9EFE2BDF2ED115B4A43D /* Pods-QRCodeUITests.debug.xcconfig */,
				8C0987E81357272C0EDD28CF /* Pods-QRCodeUITests.release.xcconfig */,
			);
			path = Pods;
			sourceTree = "<group>";
		};
		5F4B42B1225B9A3E000552E0 /* Scanner */ = {
			isa = PBXGroup;
			children = (
				5F9AE445225B8BE200273C13 /* QRCodeScanner.swift */,
			);
			path = Scanner;
			sourceTree = "<group>";
		};
		5F4B42B2225B9A48000552E0 /* MaskView */ = {
			isa = PBXGroup;
			children = (
				5F4B42B3225B9F6F000552E0 /* MaskViewOverlay.swift */,
				5F4B42B5225B9FB7000552E0 /* MaskViewOverlay.xib */,
			);
			path = MaskView;
			sourceTree = "<group>";
		};
		5F4B42B7225BAA27000552E0 /* Payment */ = {
			isa = PBXGroup;
			children = (
				5F4B42BB225BBD6D000552E0 /* PaymentPopup */,
				5F4B42B8225BAAA5000552E0 /* PaymentViewController.swift */,
			);
			path = Payment;
			sourceTree = "<group>";
		};
		5F4B42BB225BBD6D000552E0 /* PaymentPopup */ = {
			isa = PBXGroup;
			children = (
				5F4B42BC225BBDFE000552E0 /* PaymentPopupViewController.swift */,
			);
			path = PaymentPopup;
			sourceTree = "<group>";
		};
		5F4B42BE225C46ED000552E0 /* Common */ = {
			isa = PBXGroup;
			children = (
				5F4B42BF225C46ED000552E0 /* EmptyResponse.swift */,
				5F4B42C0225C46ED000552E0 /* CoreParameter.swift */,
				5F4B42C1225C46ED000552E0 /* ServiceRequest.swift */,
				5F4B42C2225C46ED000552E0 /* CoreReponse.swift */,
			);
			path = Common;
			sourceTree = "<group>";
		};
		5F4B42C9225C4846000552E0 /* User */ = {
			isa = PBXGroup;
			children = (
				5F4B42CA225C51F2000552E0 /* LoginParams.swift */,
				5F4B42CC225C5392000552E0 /* User.swift */,
				5FE994E6225C5952004726B0 /* SignUpParams.swift */,
			);
			path = User;
			sourceTree = "<group>";
		};
		5FB143E32256186100218AAE = {
			isa = PBXGroup;
			children = (
				5FB143EE2256186100218AAE /* QRCode */,
				5FB144062256186200218AAE /* QRCodeTests */,
				5FB144112256186200218AAE /* QRCodeUITests */,
				5FB143ED2256186100218AAE /* Products */,
				4E01E80969AF0166500A0CB7 /* Pods */,
				6FF9CBFE97CE909713E997BF /* Frameworks */,
			);
			sourceTree = "<group>";
		};
		5FB143ED2256186100218AAE /* Products */ = {
			isa = PBXGroup;
			children = (
				5FB143EC2256186100218AAE /* QRCode.app */,
				5FB144032256186200218AAE /* QRCodeTests.xctest */,
				5FB1440E2256186200218AAE /* QRCodeUITests.xctest */,
			);
			name = Products;
			sourceTree = "<group>";
		};
		5FB143EE2256186100218AAE /* QRCode */ = {
			isa = PBXGroup;
			children = (
				5FE08D6F2258FF4F003B5414 /* Main */,
				5FE08DA02259066A003B5414 /* Services */,
				5FE08D7222590049003B5414 /* Models */,
				5FE08D7122590030003B5414 /* Modules */,
				5FE08D7322590053003B5414 /* Helpers */,
				5FE08D7022590020003B5414 /* Resources */,
				5FE08D77225900DB003B5414 /* Supporting Files */,
			);
			path = QRCode;
			sourceTree = "<group>";
		};
		5FB144062256186200218AAE /* QRCodeTests */ = {
			isa = PBXGroup;
			children = (
				5FB144072256186200218AAE /* QRCodeTests.swift */,
				5FB144092256186200218AAE /* Info.plist */,
			);
			path = QRCodeTests;
			sourceTree = "<group>";
		};
		5FB144112256186200218AAE /* QRCodeUITests */ = {
			isa = PBXGroup;
			children = (
				5FB144122256186200218AAE /* QRCodeUITests.swift */,
				5FB144142256186200218AAE /* Info.plist */,
			);
			path = QRCodeUITests;
			sourceTree = "<group>";
		};
		5FE08D6F2258FF4F003B5414 /* Main */ = {
			isa = PBXGroup;
			children = (
				5FB143EF2256186100218AAE /* AppDelegate.swift */,
				5FE08DAF22590C30003B5414 /* SessionManager.swift */,
			);
			path = Main;
			sourceTree = "<group>";
		};
		5FE08D7022590020003B5414 /* Resources */ = {
			isa = PBXGroup;
			children = (
				5FE08D762259008F003B5414 /* Localizables */,
				5FE08D7522590080003B5414 /* Fonts */,
				5FE08D7422590072003B5414 /* Images */,
			);
			path = Resources;
			sourceTree = "<group>";
		};
		5FE08D7122590030003B5414 /* Modules */ = {
			isa = PBXGroup;
			children = (
				5FE08D8122590270003B5414 /* Base */,
				5FE08D78225901EE003B5414 /* Launch */,
				5FE08D7922590200003B5414 /* Login */,
				5FE08D7A22590206003B5414 /* SignUp */,
				5FE08D7B22590212003B5414 /* Tabbar */,
				5FE08D7E22590237003B5414 /* Profile */,
				5FE08D7D22590229003B5414 /* Scan */,
				5FE08D7C2259021F003B5414 /* Wallet */,
			);
			path = Modules;
			sourceTree = "<group>";
		};
		5FE08D7222590049003B5414 /* Models */ = {
			isa = PBXGroup;
			children = (
				5FE994E8225C5B47004726B0 /* Profile */,
				5F4B42C9225C4846000552E0 /* User */,
				5F4B42BE225C46ED000552E0 /* Common */,
			);
			path = Models;
			sourceTree = "<group>";
		};
		5FE08D7322590053003B5414 /* Helpers */ = {
			isa = PBXGroup;
			children = (
				5FE08DB8225A3565003B5414 /* Custom Views */,
				5FE08DA5225908C4003B5414 /* Constants */,
				5FE08DA22259081C003B5414 /* Utilities */,
				5FE08DA122590809003B5414 /* Extensions */,
			);
			path = Helpers;
			sourceTree = "<group>";
		};
		5FE08D7422590072003B5414 /* Images */ = {
			isa = PBXGroup;
			children = (
				5FB143F92256186200218AAE /* Assets.xcassets */,
			);
			path = Images;
			sourceTree = "<group>";
		};
		5FE08D7522590080003B5414 /* Fonts */ = {
			isa = PBXGroup;
			children = (
				5F4B42A3225B96E0000552E0 /* ProximaNova-Black.otf */,
				5F4B42A6225B96E0000552E0 /* ProximaNova-Bold.otf */,
				5F4B42A8225B96E0000552E0 /* ProximaNova-Extrabld.otf */,
				5F4B42A1225B96E0000552E0 /* ProximaNova-Light.otf */,
				5F4B42A7225B96E0000552E0 /* ProximaNova-Medium.otf */,
				5F4B42A2225B96E0000552E0 /* ProximaNova-Regular.otf */,
				5F4B42A4225B96E0000552E0 /* ProximaNova-Semibold.otf */,
				5F4B42A5225B96E0000552E0 /* ProximaNova-Thin.otf */,
			);
			path = Fonts;
			sourceTree = "<group>";
		};
		5FE08D762259008F003B5414 /* Localizables */ = {
			isa = PBXGroup;
			children = (
			);
			path = Localizables;
			sourceTree = "<group>";
		};
		5FE08D77225900DB003B5414 /* Supporting Files */ = {
			isa = PBXGroup;
			children = (
				5FB143F62256186100218AAE /* QRCode.xcdatamodeld */,
				5FB143FE2256186200218AAE /* Info.plist */,
				5FE08D9E2259060C003B5414 /* Configuration.plist */,
			);
			path = "Supporting Files";
			sourceTree = "<group>";
		};
		5FE08D78225901EE003B5414 /* Launch */ = {
			isa = PBXGroup;
			children = (
				5FB143FB2256186200218AAE /* LaunchScreen.storyboard */,
			);
			path = Launch;
			sourceTree = "<group>";
		};
		5FE08D7922590200003B5414 /* Login */ = {
			isa = PBXGroup;
			children = (
				5FE08DB5225910BD003B5414 /* ViewModel */,
				5FE08D7F2259026B003B5414 /* LoginViewController.swift */,
				5FE08D8F22590405003B5414 /* Login.storyboard */,
			);
			path = Login;
			sourceTree = "<group>";
		};
		5FE08D7A22590206003B5414 /* SignUp */ = {
			isa = PBXGroup;
			children = (
				5FE08DC3225A52E0003B5414 /* ViewModel */,
				5FE08D84225902A3003B5414 /* SignUpViewController.swift */,
				5FE08D912259044D003B5414 /* SignUp.storyboard */,
			);
			path = SignUp;
			sourceTree = "<group>";
		};
		5FE08D7B22590212003B5414 /* Tabbar */ = {
			isa = PBXGroup;
			children = (
				5FE08D872259038B003B5414 /* TabbarViewController.swift */,
				5FE08D9322590491003B5414 /* Tabbar.storyboard */,
				5FE08D95225904D8003B5414 /* TabbarItem.swift */,
			);
			path = Tabbar;
			sourceTree = "<group>";
		};
		5FE08D7C2259021F003B5414 /* Wallet */ = {
			isa = PBXGroup;
			children = (
				5FE08DC9225A6495003B5414 /* View */,
				5FE08DC6225A5722003B5414 /* ViewModel */,
			);
			path = Wallet;
			sourceTree = "<group>";
		};
		5FE08D7D22590229003B5414 /* Scan */ = {
			isa = PBXGroup;
			children = (
				5F4B42B7225BAA27000552E0 /* Payment */,
				5FE08DD6225AD3AA003B5414 /* ViewModel */,
				5FE08DD7225AD3B7003B5414 /* View */,
				5FE08D9922590510003B5414 /* Scan.storyboard */,
			);
			path = Scan;
			sourceTree = "<group>";
		};
		5FE08D7E22590237003B5414 /* Profile */ = {
			isa = PBXGroup;
			children = (
				5FE08DCF225AC74D003B5414 /* ViewModel */,
				5FE08DD2225AD1EE003B5414 /* View */,
			);
			path = Profile;
			sourceTree = "<group>";
		};
		5FE08D8122590270003B5414 /* Base */ = {
			isa = PBXGroup;
			children = (
				5FE08D822259027E003B5414 /* BaseViewController.swift */,
			);
			path = Base;
			sourceTree = "<group>";
		};
		5FE08DA02259066A003B5414 /* Services */ = {
			isa = PBXGroup;
			children = (
				5F4B42C7225C4722000552E0 /* UserService.swift */,
			);
			path = Services;
			sourceTree = "<group>";
		};
		5FE08DA122590809003B5414 /* Extensions */ = {
			isa = PBXGroup;
			children = (
				5FE08DCD225A665D003B5414 /* UITableView+Extension.swift */,
				5FE08DA322590872003B5414 /* UIView+Extension.swift */,
				5FE08DA822590917003B5414 /* UIColor+Extension.swift */,
				5FE08DB122590E13003B5414 /* UIStoryboard+Extension.swift */,
				5FE08DB322590ED8003B5414 /* NSObject.swift */,
			);
			path = Extensions;
			sourceTree = "<group>";
		};
		5FE08DA22259081C003B5414 /* Utilities */ = {
			isa = PBXGroup;
			children = (
				5FE08DAB22590B6C003B5414 /* RootRouter.swift */,
				5FE08DAD22590BC1003B5414 /* DeepLinkHandler.swift */,
			);
			path = Utilities;
			sourceTree = "<group>";
		};
		5FE08DA5225908C4003B5414 /* Constants */ = {
			isa = PBXGroup;
			children = (
				5FE08DA6225908D2003B5414 /* AppConstants.swift */,
			);
			path = Constants;
			sourceTree = "<group>";
		};
		5FE08DB5225910BD003B5414 /* ViewModel */ = {
			isa = PBXGroup;
			children = (
				5FE08DB622591102003B5414 /* LoginViewModel.swift */,
			);
			path = ViewModel;
			sourceTree = "<group>";
		};
		5FE08DB8225A3565003B5414 /* Custom Views */ = {
			isa = PBXGroup;
			children = (
				5FE08DBE225A3C38003B5414 /* InputTextView */,
				5FE08DB9225A3583003B5414 /* BaseCustomView.swift */,
			);
			path = "Custom Views";
			sourceTree = "<group>";
		};
		5FE08DBE225A3C38003B5414 /* InputTextView */ = {
			isa = PBXGroup;
			children = (
				5FE08DBF225A3C51003B5414 /* CustomInputTextView.swift */,
				5FE08DC1225A3C69003B5414 /* CustomInputTextView.xib */,
			);
			path = InputTextView;
			sourceTree = "<group>";
		};
		5FE08DC3225A52E0003B5414 /* ViewModel */ = {
			isa = PBXGroup;
			children = (
				5FE08DC4225A52F2003B5414 /* SignUpViewModel.swift */,
			);
			path = ViewModel;
			sourceTree = "<group>";
		};
		5FE08DC6225A5722003B5414 /* ViewModel */ = {
			isa = PBXGroup;
			children = (
				5FE08DC7225A5733003B5414 /* WalletViewModel.swift */,
			);
			path = ViewModel;
			sourceTree = "<group>";
		};
		5FE08DC9225A6495003B5414 /* View */ = {
			isa = PBXGroup;
			children = (
				5FE08DCA225A64A3003B5414 /* Cells */,
				5FE08D8D225903C7003B5414 /* WalletViewController.swift */,
				5FE08D9B2259054E003B5414 /* Wallet.storyboard */,
			);
			path = View;
			sourceTree = "<group>";
		};
		5FE08DCA225A64A3003B5414 /* Cells */ = {
			isa = PBXGroup;
			children = (
				5FE08DCB225A64BE003B5414 /* TransactionHistoryCell.swift */,
			);
			path = Cells;
			sourceTree = "<group>";
		};
		5FE08DCF225AC74D003B5414 /* ViewModel */ = {
			isa = PBXGroup;
			children = (
				5FE08DD0225AC784003B5414 /* ProfileViewModel.swift */,
			);
			path = ViewModel;
			sourceTree = "<group>";
		};
		5FE08DD2225AD1EE003B5414 /* View */ = {
			isa = PBXGroup;
			children = (
				5FE08DD3225AD1F5003B5414 /* Cells */,
				5FE08D89225903A6003B5414 /* ProfileViewController.swift */,
				5FE08D9722590506003B5414 /* Profile.storyboard */,
			);
			path = View;
			sourceTree = "<group>";
		};
		5FE08DD3225AD1F5003B5414 /* Cells */ = {
			isa = PBXGroup;
			children = (
				5FE08DD4225AD20C003B5414 /* ProfileItemCell.swift */,
			);
			path = Cells;
			sourceTree = "<group>";
		};
		5FE08DD6225AD3AA003B5414 /* ViewModel */ = {
			isa = PBXGroup;
			children = (
			);
			path = ViewModel;
			sourceTree = "<group>";
		};
		5FE08DD7225AD3B7003B5414 /* View */ = {
			isa = PBXGroup;
			children = (
				5F4B42B2225B9A48000552E0 /* MaskView */,
				5F4B42B1225B9A3E000552E0 /* Scanner */,
				5FE08D8B225903B5003B5414 /* ScanViewController.swift */,
			);
			path = View;
			sourceTree = "<group>";
		};
		5FE994E8225C5B47004726B0 /* Profile */ = {
			isa = PBXGroup;
			children = (
				5FE994E9225C5B6A004726B0 /* ProfileItem.swift */,
			);
			path = Profile;
			sourceTree = "<group>";
		};
		6FF9CBFE97CE909713E997BF /* Frameworks */ = {
			isa = PBXGroup;
			children = (
				359CC9B4B54295B4CF0C9A9F /* Pods_QRCode.framework */,
				CB9799DCAF171450C2D84647 /* Pods_QRCodeTests.framework */,
				D3827AC4FB84BA395D3AD69D /* Pods_QRCodeUITests.framework */,
			);
			name = Frameworks;
			sourceTree = "<group>";
		};
/* End PBXGroup section */

/* Begin PBXNativeTarget section */
		5FB143EB2256186100218AAE /* QRCode */ = {
			isa = PBXNativeTarget;
			buildConfigurationList = 5FB144172256186200218AAE /* Build configuration list for PBXNativeTarget "QRCode" */;
			buildPhases = (
				F563CFCF6D6125E321C09441 /* [CP] Check Pods Manifest.lock */,
				5FB143E82256186100218AAE /* Sources */,
				5FB143E92256186100218AAE /* Frameworks */,
				5FB143EA2256186100218AAE /* Resources */,
				1E26FE3774A5F201E61E8EB3 /* [CP] Embed Pods Frameworks */,
			);
			buildRules = (
			);
			dependencies = (
			);
			name = QRCode;
			productName = QRCode;
			productReference = 5FB143EC2256186100218AAE /* QRCode.app */;
			productType = "com.apple.product-type.application";
		};
		5FB144022256186200218AAE /* QRCodeTests */ = {
			isa = PBXNativeTarget;
			buildConfigurationList = 5FB1441A2256186200218AAE /* Build configuration list for PBXNativeTarget "QRCodeTests" */;
			buildPhases = (
				2FECA9AD073C78A0F51706FA /* [CP] Check Pods Manifest.lock */,
				5FB143FF2256186200218AAE /* Sources */,
				5FB144002256186200218AAE /* Frameworks */,
				5FB144012256186200218AAE /* Resources */,
				873248AE2D09B793187B194C /* [CP] Embed Pods Frameworks */,
			);
			buildRules = (
			);
			dependencies = (
				5FB144052256186200218AAE /* PBXTargetDependency */,
			);
			name = QRCodeTests;
			productName = QRCodeTests;
			productReference = 5FB144032256186200218AAE /* QRCodeTests.xctest */;
			productType = "com.apple.product-type.bundle.unit-test";
		};
		5FB1440D2256186200218AAE /* QRCodeUITests */ = {
			isa = PBXNativeTarget;
			buildConfigurationList = 5FB1441D2256186200218AAE /* Build configuration list for PBXNativeTarget "QRCodeUITests" */;
			buildPhases = (
				4F3C1F640F9418A90DDFF426 /* [CP] Check Pods Manifest.lock */,
				5FB1440A2256186200218AAE /* Sources */,
				5FB1440B2256186200218AAE /* Frameworks */,
				5FB1440C2256186200218AAE /* Resources */,
			);
			buildRules = (
			);
			dependencies = (
				5FB144102256186200218AAE /* PBXTargetDependency */,
			);
			name = QRCodeUITests;
			productName = QRCodeUITests;
			productReference = 5FB1440E2256186200218AAE /* QRCodeUITests.xctest */;
			productType = "com.apple.product-type.bundle.ui-testing";
		};
/* End PBXNativeTarget section */

/* Begin PBXProject section */
		5FB143E42256186100218AAE /* Project object */ = {
			isa = PBXProject;
			attributes = {
				LastSwiftUpdateCheck = 1010;
				LastUpgradeCheck = 1010;
				ORGANIZATIONNAME = "Diep Nguyen";
				TargetAttributes = {
					5FB143EB2256186100218AAE = {
						CreatedOnToolsVersion = 10.1;
					};
					5FB144022256186200218AAE = {
						CreatedOnToolsVersion = 10.1;
						TestTargetID = 5FB143EB2256186100218AAE;
					};
					5FB1440D2256186200218AAE = {
						CreatedOnToolsVersion = 10.1;
						TestTargetID = 5FB143EB2256186100218AAE;
					};
				};
			};
			buildConfigurationList = 5FB143E72256186100218AAE /* Build configuration list for PBXProject "QRCode" */;
			compatibilityVersion = "Xcode 9.3";
			developmentRegion = en;
			hasScannedForEncodings = 0;
			knownRegions = (
				en,
				Base,
			);
			mainGroup = 5FB143E32256186100218AAE;
			productRefGroup = 5FB143ED2256186100218AAE /* Products */;
			projectDirPath = "";
			projectRoot = "";
			targets = (
				5FB143EB2256186100218AAE /* QRCode */,
				5FB144022256186200218AAE /* QRCodeTests */,
				5FB1440D2256186200218AAE /* QRCodeUITests */,
			);
		};
/* End PBXProject section */

/* Begin PBXResourcesBuildPhase section */
		5FB143EA2256186100218AAE /* Resources */ = {
			isa = PBXResourcesBuildPhase;
			buildActionMask = 2147483647;
			files = (
				5F4B42B6225B9FB7000552E0 /* MaskViewOverlay.xib in Resources */,
				5F4B42A9225B96F5000552E0 /* ProximaNova-Black.otf in Resources */,
				5F4B42AA225B96F5000552E0 /* ProximaNova-Bold.otf in Resources */,
				5F4B42AB225B96F5000552E0 /* ProximaNova-Extrabld.otf in Resources */,
				5F4B42AC225B96F5000552E0 /* ProximaNova-Light.otf in Resources */,
				5F4B42AD225B96F5000552E0 /* ProximaNova-Medium.otf in Resources */,
				5F4B42AE225B96F5000552E0 /* ProximaNova-Regular.otf in Resources */,
				5F4B42AF225B96F5000552E0 /* ProximaNova-Semibold.otf in Resources */,
				5F4B42B0225B96F5000552E0 /* ProximaNova-Thin.otf in Resources */,
				5FE08D9422590491003B5414 /* Tabbar.storyboard in Resources */,
				5FE08D9F2259060D003B5414 /* Configuration.plist in Resources */,
				5FE08D9022590405003B5414 /* Login.storyboard in Resources */,
				5FB143FD2256186200218AAE /* LaunchScreen.storyboard in Resources */,
				5FE08D9A22590510003B5414 /* Scan.storyboard in Resources */,
				5FB143FA2256186200218AAE /* Assets.xcassets in Resources */,
				5FE08D9822590506003B5414 /* Profile.storyboard in Resources */,
				5FE08DC2225A3C69003B5414 /* CustomInputTextView.xib in Resources */,
				5FE08D922259044D003B5414 /* SignUp.storyboard in Resources */,
				5FE08D9C2259054E003B5414 /* Wallet.storyboard in Resources */,
			);
			runOnlyForDeploymentPostprocessing = 0;
		};
		5FB144012256186200218AAE /* Resources */ = {
			isa = PBXResourcesBuildPhase;
			buildActionMask = 2147483647;
			files = (
			);
			runOnlyForDeploymentPostprocessing = 0;
		};
		5FB1440C2256186200218AAE /* Resources */ = {
			isa = PBXResourcesBuildPhase;
			buildActionMask = 2147483647;
			files = (
			);
			runOnlyForDeploymentPostprocessing = 0;
		};
/* End PBXResourcesBuildPhase section */

/* Begin PBXShellScriptBuildPhase section */
		1E26FE3774A5F201E61E8EB3 /* [CP] Embed Pods Frameworks */ = {
			isa = PBXShellScriptBuildPhase;
			buildActionMask = 2147483647;
			files = (
			);
			inputFileListPaths = (
			);
			inputPaths = (
				"${PODS_ROOT}/Target Support Files/Pods-QRCode/Pods-QRCode-frameworks.sh",
				"${BUILT_PRODUCTS_DIR}/Alamofire/Alamofire.framework",
				"${BUILT_PRODUCTS_DIR}/IQKeyboardManagerSwift/IQKeyboardManagerSwift.framework",
				"${BUILT_PRODUCTS_DIR}/KSCrash/KSCrash.framework",
				"${BUILT_PRODUCTS_DIR}/KeychainSwift/KeychainSwift.framework",
				"${BUILT_PRODUCTS_DIR}/KumulosSdkSwift/KumulosSDK.framework",
			);
			name = "[CP] Embed Pods Frameworks";
			outputFileListPaths = (
			);
			outputPaths = (
				"${TARGET_BUILD_DIR}/${FRAMEWORKS_FOLDER_PATH}/Alamofire.framework",
				"${TARGET_BUILD_DIR}/${FRAMEWORKS_FOLDER_PATH}/IQKeyboardManagerSwift.framework",
				"${TARGET_BUILD_DIR}/${FRAMEWORKS_FOLDER_PATH}/KSCrash.framework",
				"${TARGET_BUILD_DIR}/${FRAMEWORKS_FOLDER_PATH}/KeychainSwift.framework",
				"${TARGET_BUILD_DIR}/${FRAMEWORKS_FOLDER_PATH}/KumulosSDK.framework",
			);
			runOnlyForDeploymentPostprocessing = 0;
			shellPath = /bin/sh;
			shellScript = "\"${PODS_ROOT}/Target Support Files/Pods-QRCode/Pods-QRCode-frameworks.sh\"\n";
			showEnvVarsInLog = 0;
		};
		2FECA9AD073C78A0F51706FA /* [CP] Check Pods Manifest.lock */ = {
			isa = PBXShellScriptBuildPhase;
			buildActionMask = 2147483647;
			files = (
			);
			inputFileListPaths = (
			);
			inputPaths = (
				"${PODS_PODFILE_DIR_PATH}/Podfile.lock",
				"${PODS_ROOT}/Manifest.lock",
			);
			name = "[CP] Check Pods Manifest.lock";
			outputFileListPaths = (
			);
			outputPaths = (
				"$(DERIVED_FILE_DIR)/Pods-QRCodeTests-checkManifestLockResult.txt",
			);
			runOnlyForDeploymentPostprocessing = 0;
			shellPath = /bin/sh;
			shellScript = "diff \"${PODS_PODFILE_DIR_PATH}/Podfile.lock\" \"${PODS_ROOT}/Manifest.lock\" > /dev/null\nif [ $? != 0 ] ; then\n    # print error to STDERR\n    echo \"error: The sandbox is not in sync with the Podfile.lock. Run 'pod install' or update your CocoaPods installation.\" >&2\n    exit 1\nfi\n# This output is used by Xcode 'outputs' to avoid re-running this script phase.\necho \"SUCCESS\" > \"${SCRIPT_OUTPUT_FILE_0}\"\n";
			showEnvVarsInLog = 0;
		};
		4F3C1F640F9418A90DDFF426 /* [CP] Check Pods Manifest.lock */ = {
			isa = PBXShellScriptBuildPhase;
			buildActionMask = 2147483647;
			files = (
			);
			inputFileListPaths = (
			);
			inputPaths = (
				"${PODS_PODFILE_DIR_PATH}/Podfile.lock",
				"${PODS_ROOT}/Manifest.lock",
			);
			name = "[CP] Check Pods Manifest.lock";
			outputFileListPaths = (
			);
			outputPaths = (
				"$(DERIVED_FILE_DIR)/Pods-QRCodeUITests-checkManifestLockResult.txt",
			);
			runOnlyForDeploymentPostprocessing = 0;
			shellPath = /bin/sh;
			shellScript = "diff \"${PODS_PODFILE_DIR_PATH}/Podfile.lock\" \"${PODS_ROOT}/Manifest.lock\" > /dev/null\nif [ $? != 0 ] ; then\n    # print error to STDERR\n    echo \"error: The sandbox is not in sync with the Podfile.lock. Run 'pod install' or update your CocoaPods installation.\" >&2\n    exit 1\nfi\n# This output is used by Xcode 'outputs' to avoid re-running this script phase.\necho \"SUCCESS\" > \"${SCRIPT_OUTPUT_FILE_0}\"\n";
			showEnvVarsInLog = 0;
		};
		873248AE2D09B793187B194C /* [CP] Embed Pods Frameworks */ = {
			isa = PBXShellScriptBuildPhase;
			buildActionMask = 2147483647;
			files = (
			);
			inputFileListPaths = (
			);
			inputPaths = (
				"${PODS_ROOT}/Target Support Files/Pods-QRCodeTests/Pods-QRCodeTests-frameworks.sh",
				"${BUILT_PRODUCTS_DIR}/Alamofire/Alamofire.framework",
				"${BUILT_PRODUCTS_DIR}/KSCrash/KSCrash.framework",
				"${BUILT_PRODUCTS_DIR}/KumulosSdkSwift/KumulosSDK.framework",
			);
			name = "[CP] Embed Pods Frameworks";
			outputFileListPaths = (
			);
			outputPaths = (
				"${TARGET_BUILD_DIR}/${FRAMEWORKS_FOLDER_PATH}/Alamofire.framework",
				"${TARGET_BUILD_DIR}/${FRAMEWORKS_FOLDER_PATH}/KSCrash.framework",
				"${TARGET_BUILD_DIR}/${FRAMEWORKS_FOLDER_PATH}/KumulosSDK.framework",
			);
			runOnlyForDeploymentPostprocessing = 0;
			shellPath = /bin/sh;
			shellScript = "\"${PODS_ROOT}/Target Support Files/Pods-QRCodeTests/Pods-QRCodeTests-frameworks.sh\"\n";
			showEnvVarsInLog = 0;
		};
		F563CFCF6D6125E321C09441 /* [CP] Check Pods Manifest.lock */ = {
			isa = PBXShellScriptBuildPhase;
			buildActionMask = 2147483647;
			files = (
			);
			inputFileListPaths = (
			);
			inputPaths = (
				"${PODS_PODFILE_DIR_PATH}/Podfile.lock",
				"${PODS_ROOT}/Manifest.lock",
			);
			name = "[CP] Check Pods Manifest.lock";
			outputFileListPaths = (
			);
			outputPaths = (
				"$(DERIVED_FILE_DIR)/Pods-QRCode-checkManifestLockResult.txt",
			);
			runOnlyForDeploymentPostprocessing = 0;
			shellPath = /bin/sh;
			shellScript = "diff \"${PODS_PODFILE_DIR_PATH}/Podfile.lock\" \"${PODS_ROOT}/Manifest.lock\" > /dev/null\nif [ $? != 0 ] ; then\n    # print error to STDERR\n    echo \"error: The sandbox is not in sync with the Podfile.lock. Run 'pod install' or update your CocoaPods installation.\" >&2\n    exit 1\nfi\n# This output is used by Xcode 'outputs' to avoid re-running this script phase.\necho \"SUCCESS\" > \"${SCRIPT_OUTPUT_FILE_0}\"\n";
			showEnvVarsInLog = 0;
		};
/* End PBXShellScriptBuildPhase section */

/* Begin PBXSourcesBuildPhase section */
		5FB143E82256186100218AAE /* Sources */ = {
			isa = PBXSourcesBuildPhase;
			buildActionMask = 2147483647;
			files = (
				5FE08D85225902A3003B5414 /* SignUpViewController.swift in Sources */,
				5FE08D832259027E003B5414 /* BaseViewController.swift in Sources */,
				5FE08D882259038B003B5414 /* TabbarViewController.swift in Sources */,
				5FE08DB422590ED8003B5414 /* NSObject.swift in Sources */,
				5FE994EA225C5B6A004726B0 /* ProfileItem.swift in Sources */,
				5FE08DC8225A5733003B5414 /* WalletViewModel.swift in Sources */,
				5FE08DAE22590BC1003B5414 /* DeepLinkHandler.swift in Sources */,
				5FE08D96225904D8003B5414 /* TabbarItem.swift in Sources */,
				5F4B42B9225BAAA5000552E0 /* PaymentViewController.swift in Sources */,
				5FE08DAC22590B6C003B5414 /* RootRouter.swift in Sources */,
				5F4B42B4225B9F6F000552E0 /* MaskViewOverlay.swift in Sources */,
				5FE08DA7225908D2003B5414 /* AppConstants.swift in Sources */,
				5FE08DC0225A3C51003B5414 /* CustomInputTextView.swift in Sources */,
				5F4B42C4225C46ED000552E0 /* CoreParameter.swift in Sources */,
				5F4B42C3225C46ED000552E0 /* EmptyResponse.swift in Sources */,
				5FE08DD1225AC784003B5414 /* ProfileViewModel.swift in Sources */,
				5FE08D802259026B003B5414 /* LoginViewController.swift in Sources */,
				5FE08DA922590917003B5414 /* UIColor+Extension.swift in Sources */,
				5F4B42C5225C46ED000552E0 /* ServiceRequest.swift in Sources */,
				5F4B42CD225C5392000552E0 /* User.swift in Sources */,
				5FE08DB222590E13003B5414 /* UIStoryboard+Extension.swift in Sources */,
				5FE08DA422590872003B5414 /* UIView+Extension.swift in Sources */,
				5F4B42C8225C4722000552E0 /* UserService.swift in Sources */,
				5F4B42BD225BBDFE000552E0 /* PaymentPopupViewController.swift in Sources */,
				5F4B42CB225C51F2000552E0 /* LoginParams.swift in Sources */,
				5FE08DBA225A3583003B5414 /* BaseCustomView.swift in Sources */,
				5FB143F82256186100218AAE /* QRCode.xcdatamodeld in Sources */,
				5FE08D8A225903A6003B5414 /* ProfileViewController.swift in Sources */,
				5F9AE446225B8BE200273C13 /* QRCodeScanner.swift in Sources */,
				5FE08DCE225A665D003B5414 /* UITableView+Extension.swift in Sources */,
				5FB143F02256186100218AAE /* AppDelegate.swift in Sources */,
				5FE08D8C225903B5003B5414 /* ScanViewController.swift in Sources */,
				5FE08DB022590C30003B5414 /* SessionManager.swift in Sources */,
				5FE08DD5225AD20C003B5414 /* ProfileItemCell.swift in Sources */,
				5FE08DB722591102003B5414 /* LoginViewModel.swift in Sources */,
				5FE08DC5225A52F2003B5414 /* SignUpViewModel.swift in Sources */,
				5FE08D8E225903C7003B5414 /* WalletViewController.swift in Sources */,
				5FE08DCC225A64BE003B5414 /* TransactionHistoryCell.swift in Sources */,
				5FE994E7225C5952004726B0 /* SignUpParams.swift in Sources */,
				5F4B42C6225C46ED000552E0 /* CoreReponse.swift in Sources */,
			);
			runOnlyForDeploymentPostprocessing = 0;
		};
		5FB143FF2256186200218AAE /* Sources */ = {
			isa = PBXSourcesBuildPhase;
			buildActionMask = 2147483647;
			files = (
				5FB144082256186200218AAE /* QRCodeTests.swift in Sources */,
			);
			runOnlyForDeploymentPostprocessing = 0;
		};
		5FB1440A2256186200218AAE /* Sources */ = {
			isa = PBXSourcesBuildPhase;
			buildActionMask = 2147483647;
			files = (
				5FB144132256186200218AAE /* QRCodeUITests.swift in Sources */,
			);
			runOnlyForDeploymentPostprocessing = 0;
		};
/* End PBXSourcesBuildPhase section */

/* Begin PBXTargetDependency section */
		5FB144052256186200218AAE /* PBXTargetDependency */ = {
			isa = PBXTargetDependency;
			target = 5FB143EB2256186100218AAE /* QRCode */;
			targetProxy = 5FB144042256186200218AAE /* PBXContainerItemProxy */;
		};
		5FB144102256186200218AAE /* PBXTargetDependency */ = {
			isa = PBXTargetDependency;
			target = 5FB143EB2256186100218AAE /* QRCode */;
			targetProxy = 5FB1440F2256186200218AAE /* PBXContainerItemProxy */;
		};
/* End PBXTargetDependency section */

/* Begin PBXVariantGroup section */
		5FB143FB2256186200218AAE /* LaunchScreen.storyboard */ = {
			isa = PBXVariantGroup;
			children = (
				5FB143FC2256186200218AAE /* Base */,
			);
			name = LaunchScreen.storyboard;
			sourceTree = "<group>";
		};
/* End PBXVariantGroup section */

/* Begin XCBuildConfiguration section */
		5FB144152256186200218AAE /* Debug */ = {
			isa = XCBuildConfiguration;
			buildSettings = {
				ALWAYS_SEARCH_USER_PATHS = NO;
				CLANG_ANALYZER_NONNULL = YES;
				CLANG_ANALYZER_NUMBER_OBJECT_CONVERSION = YES_AGGRESSIVE;
				CLANG_CXX_LANGUAGE_STANDARD = "gnu++14";
				CLANG_CXX_LIBRARY = "libc++";
				CLANG_ENABLE_MODULES = YES;
				CLANG_ENABLE_OBJC_ARC = YES;
				CLANG_ENABLE_OBJC_WEAK = YES;
				CLANG_WARN_BLOCK_CAPTURE_AUTORELEASING = YES;
				CLANG_WARN_BOOL_CONVERSION = YES;
				CLANG_WARN_COMMA = YES;
				CLANG_WARN_CONSTANT_CONVERSION = YES;
				CLANG_WARN_DEPRECATED_OBJC_IMPLEMENTATIONS = YES;
				CLANG_WARN_DIRECT_OBJC_ISA_USAGE = YES_ERROR;
				CLANG_WARN_DOCUMENTATION_COMMENTS = YES;
				CLANG_WARN_EMPTY_BODY = YES;
				CLANG_WARN_ENUM_CONVERSION = YES;
				CLANG_WARN_INFINITE_RECURSION = YES;
				CLANG_WARN_INT_CONVERSION = YES;
				CLANG_WARN_NON_LITERAL_NULL_CONVERSION = YES;
				CLANG_WARN_OBJC_IMPLICIT_RETAIN_SELF = YES;
				CLANG_WARN_OBJC_LITERAL_CONVERSION = YES;
				CLANG_WARN_OBJC_ROOT_CLASS = YES_ERROR;
				CLANG_WARN_RANGE_LOOP_ANALYSIS = YES;
				CLANG_WARN_STRICT_PROTOTYPES = YES;
				CLANG_WARN_SUSPICIOUS_MOVE = YES;
				CLANG_WARN_UNGUARDED_AVAILABILITY = YES_AGGRESSIVE;
				CLANG_WARN_UNREACHABLE_CODE = YES;
				CLANG_WARN__DUPLICATE_METHOD_MATCH = YES;
				CODE_SIGN_IDENTITY = "iPhone Developer";
				COPY_PHASE_STRIP = NO;
				DEBUG_INFORMATION_FORMAT = dwarf;
				ENABLE_STRICT_OBJC_MSGSEND = YES;
				ENABLE_TESTABILITY = YES;
				GCC_C_LANGUAGE_STANDARD = gnu11;
				GCC_DYNAMIC_NO_PIC = NO;
				GCC_NO_COMMON_BLOCKS = YES;
				GCC_OPTIMIZATION_LEVEL = 0;
				GCC_PREPROCESSOR_DEFINITIONS = (
					"DEBUG=1",
					"$(inherited)",
				);
				GCC_WARN_64_TO_32_BIT_CONVERSION = YES;
				GCC_WARN_ABOUT_RETURN_TYPE = YES_ERROR;
				GCC_WARN_UNDECLARED_SELECTOR = YES;
				GCC_WARN_UNINITIALIZED_AUTOS = YES_AGGRESSIVE;
				GCC_WARN_UNUSED_FUNCTION = YES;
				GCC_WARN_UNUSED_VARIABLE = YES;
				IPHONEOS_DEPLOYMENT_TARGET = 12.1;
				MTL_ENABLE_DEBUG_INFO = INCLUDE_SOURCE;
				MTL_FAST_MATH = YES;
				ONLY_ACTIVE_ARCH = YES;
				SDKROOT = iphoneos;
				SWIFT_ACTIVE_COMPILATION_CONDITIONS = DEBUG;
				SWIFT_OPTIMIZATION_LEVEL = "-Onone";
			};
			name = Debug;
		};
		5FB144162256186200218AAE /* Release */ = {
			isa = XCBuildConfiguration;
			buildSettings = {
				ALWAYS_SEARCH_USER_PATHS = NO;
				CLANG_ANALYZER_NONNULL = YES;
				CLANG_ANALYZER_NUMBER_OBJECT_CONVERSION = YES_AGGRESSIVE;
				CLANG_CXX_LANGUAGE_STANDARD = "gnu++14";
				CLANG_CXX_LIBRARY = "libc++";
				CLANG_ENABLE_MODULES = YES;
				CLANG_ENABLE_OBJC_ARC = YES;
				CLANG_ENABLE_OBJC_WEAK = YES;
				CLANG_WARN_BLOCK_CAPTURE_AUTORELEASING = YES;
				CLANG_WARN_BOOL_CONVERSION = YES;
				CLANG_WARN_COMMA = YES;
				CLANG_WARN_CONSTANT_CONVERSION = YES;
				CLANG_WARN_DEPRECATED_OBJC_IMPLEMENTATIONS = YES;
				CLANG_WARN_DIRECT_OBJC_ISA_USAGE = YES_ERROR;
				CLANG_WARN_DOCUMENTATION_COMMENTS = YES;
				CLANG_WARN_EMPTY_BODY = YES;
				CLANG_WARN_ENUM_CONVERSION = YES;
				CLANG_WARN_INFINITE_RECURSION = YES;
				CLANG_WARN_INT_CONVERSION = YES;
				CLANG_WARN_NON_LITERAL_NULL_CONVERSION = YES;
				CLANG_WARN_OBJC_IMPLICIT_RETAIN_SELF = YES;
				CLANG_WARN_OBJC_LITERAL_CONVERSION = YES;
				CLANG_WARN_OBJC_ROOT_CLASS = YES_ERROR;
				CLANG_WARN_RANGE_LOOP_ANALYSIS = YES;
				CLANG_WARN_STRICT_PROTOTYPES = YES;
				CLANG_WARN_SUSPICIOUS_MOVE = YES;
				CLANG_WARN_UNGUARDED_AVAILABILITY = YES_AGGRESSIVE;
				CLANG_WARN_UNREACHABLE_CODE = YES;
				CLANG_WARN__DUPLICATE_METHOD_MATCH = YES;
				CODE_SIGN_IDENTITY = "iPhone Developer";
				COPY_PHASE_STRIP = NO;
				DEBUG_INFORMATION_FORMAT = "dwarf-with-dsym";
				ENABLE_NS_ASSERTIONS = NO;
				ENABLE_STRICT_OBJC_MSGSEND = YES;
				GCC_C_LANGUAGE_STANDARD = gnu11;
				GCC_NO_COMMON_BLOCKS = YES;
				GCC_WARN_64_TO_32_BIT_CONVERSION = YES;
				GCC_WARN_ABOUT_RETURN_TYPE = YES_ERROR;
				GCC_WARN_UNDECLARED_SELECTOR = YES;
				GCC_WARN_UNINITIALIZED_AUTOS = YES_AGGRESSIVE;
				GCC_WARN_UNUSED_FUNCTION = YES;
				GCC_WARN_UNUSED_VARIABLE = YES;
				IPHONEOS_DEPLOYMENT_TARGET = 12.1;
				MTL_ENABLE_DEBUG_INFO = NO;
				MTL_FAST_MATH = YES;
				SDKROOT = iphoneos;
				SWIFT_COMPILATION_MODE = wholemodule;
				SWIFT_OPTIMIZATION_LEVEL = "-O";
				VALIDATE_PRODUCT = YES;
			};
			name = Release;
		};
		5FB144182256186200218AAE /* Debug */ = {
			isa = XCBuildConfiguration;
			baseConfigurationReference = 341585625D4E299425052496 /* Pods-QRCode.debug.xcconfig */;
			buildSettings = {
				ASSETCATALOG_COMPILER_APPICON_NAME = AppIcon;
				CODE_SIGN_STYLE = Automatic;
				DEVELOPMENT_TEAM = 692BX88323;
				INFOPLIST_FILE = "$(SRCROOT)/QRCode/Supporting Files/Info.plist";
				LD_RUNPATH_SEARCH_PATHS = (
					"$(inherited)",
					"@executable_path/Frameworks",
				);
				PRODUCT_BUNDLE_IDENTIFIER = com.diepnn.QRCode;
				PRODUCT_NAME = "$(TARGET_NAME)";
				SWIFT_VERSION = 4.2;
				TARGETED_DEVICE_FAMILY = "1,2";
			};
			name = Debug;
		};
		5FB144192256186200218AAE /* Release */ = {
			isa = XCBuildConfiguration;
			baseConfigurationReference = C2F7695E8E293FFC3F15B260 /* Pods-QRCode.release.xcconfig */;
			buildSettings = {
				ASSETCATALOG_COMPILER_APPICON_NAME = AppIcon;
				CODE_SIGN_STYLE = Automatic;
				DEVELOPMENT_TEAM = 692BX88323;
				INFOPLIST_FILE = "$(SRCROOT)/QRCode/Supporting Files/Info.plist";
				LD_RUNPATH_SEARCH_PATHS = (
					"$(inherited)",
					"@executable_path/Frameworks",
				);
				PRODUCT_BUNDLE_IDENTIFIER = com.diepnn.QRCode;
				PRODUCT_NAME = "$(TARGET_NAME)";
				SWIFT_VERSION = 4.2;
				TARGETED_DEVICE_FAMILY = "1,2";
			};
			name = Release;
		};
		5FB1441B2256186200218AAE /* Debug */ = {
			isa = XCBuildConfiguration;
			baseConfigurationReference = 791DD3286A76F0A371A688B2 /* Pods-QRCodeTests.debug.xcconfig */;
			buildSettings = {
				ALWAYS_EMBED_SWIFT_STANDARD_LIBRARIES = YES;
				BUNDLE_LOADER = "$(TEST_HOST)";
				CODE_SIGN_STYLE = Automatic;
				DEVELOPMENT_TEAM = 692BX88323;
				INFOPLIST_FILE = QRCodeTests/Info.plist;
				LD_RUNPATH_SEARCH_PATHS = (
					"$(inherited)",
					"@executable_path/Frameworks",
					"@loader_path/Frameworks",
				);
				PRODUCT_BUNDLE_IDENTIFIER = com.diepnn.QRCodeTests;
				PRODUCT_NAME = "$(TARGET_NAME)";
				SWIFT_VERSION = 4.2;
				TARGETED_DEVICE_FAMILY = "1,2";
				TEST_HOST = "$(BUILT_PRODUCTS_DIR)/QRCode.app/QRCode";
			};
			name = Debug;
		};
		5FB1441C2256186200218AAE /* Release */ = {
			isa = XCBuildConfiguration;
			baseConfigurationReference = A2B2FB4DCC39EABC3228EF2F /* Pods-QRCodeTests.release.xcconfig */;
			buildSettings = {
				ALWAYS_EMBED_SWIFT_STANDARD_LIBRARIES = YES;
				BUNDLE_LOADER = "$(TEST_HOST)";
				CODE_SIGN_STYLE = Automatic;
				DEVELOPMENT_TEAM = 692BX88323;
				INFOPLIST_FILE = QRCodeTests/Info.plist;
				LD_RUNPATH_SEARCH_PATHS = (
					"$(inherited)",
					"@executable_path/Frameworks",
					"@loader_path/Frameworks",
				);
				PRODUCT_BUNDLE_IDENTIFIER = com.diepnn.QRCodeTests;
				PRODUCT_NAME = "$(TARGET_NAME)";
				SWIFT_VERSION = 4.2;
				TARGETED_DEVICE_FAMILY = "1,2";
				TEST_HOST = "$(BUILT_PRODUCTS_DIR)/QRCode.app/QRCode";
			};
			name = Release;
		};
		5FB1441E2256186200218AAE /* Debug */ = {
			isa = XCBuildConfiguration;
			baseConfigurationReference = 845F9EFE2BDF2ED115B4A43D /* Pods-QRCodeUITests.debug.xcconfig */;
			buildSettings = {
				ALWAYS_EMBED_SWIFT_STANDARD_LIBRARIES = YES;
				CODE_SIGN_STYLE = Automatic;
				DEVELOPMENT_TEAM = 692BX88323;
				INFOPLIST_FILE = QRCodeUITests/Info.plist;
				LD_RUNPATH_SEARCH_PATHS = (
					"$(inherited)",
					"@executable_path/Frameworks",
					"@loader_path/Frameworks",
				);
				PRODUCT_BUNDLE_IDENTIFIER = com.diepnn.QRCodeUITests;
				PRODUCT_NAME = "$(TARGET_NAME)";
				SWIFT_VERSION = 4.2;
				TARGETED_DEVICE_FAMILY = "1,2";
				TEST_TARGET_NAME = QRCode;
			};
			name = Debug;
		};
		5FB1441F2256186200218AAE /* Release */ = {
			isa = XCBuildConfiguration;
			baseConfigurationReference = 8C0987E81357272C0EDD28CF /* Pods-QRCodeUITests.release.xcconfig */;
			buildSettings = {
				ALWAYS_EMBED_SWIFT_STANDARD_LIBRARIES = YES;
				CODE_SIGN_STYLE = Automatic;
				DEVELOPMENT_TEAM = 692BX88323;
				INFOPLIST_FILE = QRCodeUITests/Info.plist;
				LD_RUNPATH_SEARCH_PATHS = (
					"$(inherited)",
					"@executable_path/Frameworks",
					"@loader_path/Frameworks",
				);
				PRODUCT_BUNDLE_IDENTIFIER = com.diepnn.QRCodeUITests;
				PRODUCT_NAME = "$(TARGET_NAME)";
				SWIFT_VERSION = 4.2;
				TARGETED_DEVICE_FAMILY = "1,2";
				TEST_TARGET_NAME = QRCode;
			};
			name = Release;
		};
/* End XCBuildConfiguration section */

/* Begin XCConfigurationList section */
		5FB143E72256186100218AAE /* Build configuration list for PBXProject "QRCode" */ = {
			isa = XCConfigurationList;
			buildConfigurations = (
				5FB144152256186200218AAE /* Debug */,
				5FB144162256186200218AAE /* Release */,
			);
			defaultConfigurationIsVisible = 0;
			defaultConfigurationName = Release;
		};
		5FB144172256186200218AAE /* Build configuration list for PBXNativeTarget "QRCode" */ = {
			isa = XCConfigurationList;
			buildConfigurations = (
				5FB144182256186200218AAE /* Debug */,
				5FB144192256186200218AAE /* Release */,
			);
			defaultConfigurationIsVisible = 0;
			defaultConfigurationName = Release;
		};
		5FB1441A2256186200218AAE /* Build configuration list for PBXNativeTarget "QRCodeTests" */ = {
			isa = XCConfigurationList;
			buildConfigurations = (
				5FB1441B2256186200218AAE /* Debug */,
				5FB1441C2256186200218AAE /* Release */,
			);
			defaultConfigurationIsVisible = 0;
			defaultConfigurationName = Release;
		};
		5FB1441D2256186200218AAE /* Build configuration list for PBXNativeTarget "QRCodeUITests" */ = {
			isa = XCConfigurationList;
			buildConfigurations = (
				5FB1441E2256186200218AAE /* Debug */,
				5FB1441F2256186200218AAE /* Release */,
			);
			defaultConfigurationIsVisible = 0;
			defaultConfigurationName = Release;
		};
/* End XCConfigurationList section */

/* Begin XCVersionGroup section */
		5FB143F62256186100218AAE /* QRCode.xcdatamodeld */ = {
			isa = XCVersionGroup;
			children = (
				5FB143F72256186100218AAE /* QRCode.xcdatamodel */,
			);
			currentVersion = 5FB143F72256186100218AAE /* QRCode.xcdatamodel */;
			path = QRCode.xcdatamodeld;
			sourceTree = "<group>";
			versionGroupType = wrapper.xcdatamodel;
		};
/* End XCVersionGroup section */
	};
	rootObject = 5FB143E42256186100218AAE /* Project object */;
}
